
Microsoft Visual Studio Solution File, Format Version 12.00
# Visual Studio Version 17
VisualStudioVersion = 17.1.32210.238
MinimumVisualStudioVersion = 10.0.40219.1
Project("{FAE04EC0-301F-11D3-BF4B-00C04F79EFBC}") = "API", "src\API\API.csproj", "{33E3B11B-D040-4E3D-AE35-777842FBB3B7}"
EndProject
Project("{FAE04EC0-301F-11D3-BF4B-00C04F79EFBC}") = "Business", "src\Business\Business.csproj", "{04256591-B8B1-432F-A030-5E2E1484E66C}"
EndProject
Project("{FAE04EC0-301F-11D3-BF4B-00C04F79EFBC}") = "Data", "src\Data\Data.csproj", "{C94245C3-ADFA-4C1C-97FA-2BBC785F287D}"
EndProject
Global
	GlobalSection(SolutionConfigurationPlatforms) = preSolution
		Debug|Any CPU = Debug|Any CPU
		Release|Any CPU = Release|Any CPU
	EndGlobalSection
	GlobalSection(ProjectConfigurationPlatforms) = postSolution
		{33E3B11B-D040-4E3D-AE35-777842FBB3B7}.Debug|Any CPU.ActiveCfg = Debug|Any CPU
		{33E3B11B-D040-4E3D-AE35-777842FBB3B7}.Debug|Any CPU.Build.0 = Debug|Any CPU
		{33E3B11B-D040-4E3D-AE35-777842FBB3B7}.Release|Any CPU.ActiveCfg = Release|Any CPU
		{33E3B11B-D040-4E3D-AE35-777842FBB3B7}.Release|Any CPU.Build.0 = Release|Any CPU
		{04256591-B8B1-432F-A030-5E2E1484E66C}.Debug|Any CPU.ActiveCfg = Debug|Any CPU
		{04256591-B8B1-432F-A030-5E2E1484E66C}.Debug|Any CPU.Build.0 = Debug|Any CPU
		{04256591-B8B1-432F-A030-5E2E1484E66C}.Release|Any CPU.ActiveCfg = Release|Any CPU
		{04256591-B8B1-432F-A030-5E2E1484E66C}.Release|Any CPU.Build.0 = Release|Any CPU
		{C94245C3-ADFA-4C1C-97FA-2BBC785F287D}.Debug|Any CPU.ActiveCfg = Debug|Any CPU
		{C94245C3-ADFA-4C1C-97FA-2BBC785F287D}.Debug|Any CPU.Build.0 = Debug|Any CPU
		{C94245C3-ADFA-4C1C-97FA-2BBC785F287D}.Release|Any CPU.ActiveCfg = Release|Any CPU
		{C94245C3-ADFA-4C1C-97FA-2BBC785F287D}.Release|Any CPU.Build.0 = Release|Any CPU
	EndGlobalSection
	GlobalSection(SolutionProperties) = preSolution
		HideSolutionNode = FALSE
	EndGlobalSection
	GlobalSection(ExtensibilityGlobals) = postSolution
		SolutionGuid = {41525A37-FA43-447C-8306-17E22F8BAC49}
	EndGlobalSection
EndGlobal
